
Microsoft Visual Studio Solution File, Format Version 12.00
# Visual Studio Version 16
VisualStudioVersion = 16.0.31911.196
MinimumVisualStudioVersion = 10.0.40219.1
Project("{8BC9CEB8-8B4A-11D0-8D11-00A0C91BC942}") = "tuxingxue", "tuxingxue\tuxingxue.vcxproj", "{D56676EB-CAC8-4678-A6A0-8B5F77F29357}"
EndProject
Global
	GlobalSection(SolutionConfigurationPlatforms) = preSolution
		Debug|x64 = Debug|x64
		Debug|x86 = Debug|x86
		Release|x64 = Release|x64
		Release|x86 = Release|x86
	EndGlobalSection
	GlobalSection(ProjectConfigurationPlatforms) = postSolution
		{D56676EB-CAC8-4678-A6A0-8B5F77F29357}.Debug|x64.ActiveCfg = Debug|x64
		{D56676EB-CAC8-4678-A6A0-8B5F77F29357}.Debug|x64.Build.0 = Debug|x64
		{D56676EB-CAC8-4678-A6A0-8B5F77F29357}.Debug|x86.ActiveCfg = Debug|Win32
		{D56676EB-CAC8-4678-A6A0-8B5F77F29357}.Debug|x86.Build.0 = Debug|Win32
		{D56676EB-CAC8-4678-A6A0-8B5F77F29357}.Release|x64.ActiveCfg = Release|x64
		{D56676EB-CAC8-4678-A6A0-8B5F77F29357}.Release|x64.Build.0 = Release|x64
		{D56676EB-CAC8-4678-A6A0-8B5F77F29357}.Release|x86.ActiveCfg = Release|Win32
		{D56676EB-CAC8-4678-A6A0-8B5F77F29357}.Release|x86.Build.0 = Release|Win32
	EndGlobalSection
	GlobalSection(SolutionProperties) = preSolution
		HideSolutionNode = FALSE
	EndGlobalSection
	GlobalSection(ExtensibilityGlobals) = postSolution
		SolutionGuid = {ED44525A-E687-423D-95FE-72D45A90BA28}
	EndGlobalSection
EndGlobal
